
Microsoft Visual Studio Solution File, Format Version 12.00
# Visual Studio Version 17
VisualStudioVersion = 17.8.34330.188
MinimumVisualStudioVersion = 10.0.40219.1
Project("{9A19103F-16F7-4668-BE54-9A1E7A4F7556}") = "DealerApp.Model", "DealerApp.Model\DealerApp.Model.csproj", "{6E34254F-B8FD-44EF-BF58-A399019CF80E}"
EndProject
Project("{9A19103F-16F7-4668-BE54-9A1E7A4F7556}") = "DealerApp.Service", "DealerApp.Service\DealerApp.Service.csproj", "{923696BA-2C2A-495A-8F03-969DE10EA121}"
EndProject
Project("{9A19103F-16F7-4668-BE54-9A1E7A4F7556}") = "DealerApp.Comman", "DealerApp.Comman\DealerApp.Comman.csproj", "{D732F3F9-57D5-47B0-B98A-37755B8AB681}"
EndProject
Project("{FAE04EC0-301F-11D3-BF4B-00C04F79EFBC}") = "DealerApp.Presentationes", "DealerApp.Presentationes\DealerApp.Presentationes.csproj", "{B6B33E8E-439C-46CA-AB52-5B433124DEDB}"
EndProject
Global
	GlobalSection(SolutionConfigurationPlatforms) = preSolution
		Debug|Any CPU = Debug|Any CPU
		Release|Any CPU = Release|Any CPU
	EndGlobalSection
	GlobalSection(ProjectConfigurationPlatforms) = postSolution
		{6E34254F-B8FD-44EF-BF58-A399019CF80E}.Debug|Any CPU.ActiveCfg = Debug|Any CPU
		{6E34254F-B8FD-44EF-BF58-A399019CF80E}.Debug|Any CPU.Build.0 = Debug|Any CPU
		{6E34254F-B8FD-44EF-BF58-A399019CF80E}.Release|Any CPU.ActiveCfg = Release|Any CPU
		{6E34254F-B8FD-44EF-BF58-A399019CF80E}.Release|Any CPU.Build.0 = Release|Any CPU
		{923696BA-2C2A-495A-8F03-969DE10EA121}.Debug|Any CPU.ActiveCfg = Debug|Any CPU
		{923696BA-2C2A-495A-8F03-969DE10EA121}.Debug|Any CPU.Build.0 = Debug|Any CPU
		{923696BA-2C2A-495A-8F03-969DE10EA121}.Release|Any CPU.ActiveCfg = Release|Any CPU
		{923696BA-2C2A-495A-8F03-969DE10EA121}.Release|Any CPU.Build.0 = Release|Any CPU
		{D732F3F9-57D5-47B0-B98A-37755B8AB681}.Debug|Any CPU.ActiveCfg = Debug|Any CPU
		{D732F3F9-57D5-47B0-B98A-37755B8AB681}.Debug|Any CPU.Build.0 = Debug|Any CPU
		{D732F3F9-57D5-47B0-B98A-37755B8AB681}.Release|Any CPU.ActiveCfg = Release|Any CPU
		{D732F3F9-57D5-47B0-B98A-37755B8AB681}.Release|Any CPU.Build.0 = Release|Any CPU
		{B6B33E8E-439C-46CA-AB52-5B433124DEDB}.Debug|Any CPU.ActiveCfg = Debug|Any CPU
		{B6B33E8E-439C-46CA-AB52-5B433124DEDB}.Debug|Any CPU.Build.0 = Debug|Any CPU
		{B6B33E8E-439C-46CA-AB52-5B433124DEDB}.Debug|Any CPU.Deploy.0 = Debug|Any CPU
		{B6B33E8E-439C-46CA-AB52-5B433124DEDB}.Release|Any CPU.ActiveCfg = Release|Any CPU
		{B6B33E8E-439C-46CA-AB52-5B433124DEDB}.Release|Any CPU.Build.0 = Release|Any CPU
		{B6B33E8E-439C-46CA-AB52-5B433124DEDB}.Release|Any CPU.Deploy.0 = Release|Any CPU
	EndGlobalSection
	GlobalSection(SolutionProperties) = preSolution
		HideSolutionNode = FALSE
	EndGlobalSection
	GlobalSection(ExtensibilityGlobals) = postSolution
		SolutionGuid = {CE7ADCA7-858E-43DC-B7DB-66405DD26D2B}
	EndGlobalSection
EndGlobal
